{
  "name": "sis_registro",
  "lockfileVersion": 2,
  "requires": true,
  "packages": {
    "": {
      "dependencies": {
        "@sweetalert2/theme-dark": "^5.0.15"
      }
    },
    "node_modules/@sweetalert2/theme-dark": {
      "version": "5.0.15",
      "resolved": "https://registry.npmjs.org/@sweetalert2/theme-dark/-/theme-dark-5.0.15.tgz",
      "integrity": "sha512-g1QCwQVOkiAz5hIEBOIvvu0580lubu4KuQlod+48QetYzGIEXNlHEH36QihCDnGVgE6vx48iO48w9q0WrZWyHQ=="
    }
  },
  "dependencies": {
    "@sweetalert2/theme-dark": {
      "version": "5.0.15",
      "resolved": "https://registry.npmjs.org/@sweetalert2/theme-dark/-/theme-dark-5.0.15.tgz",
      "integrity": "sha512-g1QCwQVOkiAz5hIEBOIvvu0580lubu4KuQlod+48QetYzGIEXNlHEH36QihCDnGVgE6vx48iO48w9q0WrZWyHQ=="
    }
  }
}
